
Microsoft Visual Studio Solution File, Format Version 12.00
# Visual Studio 2013
VisualStudioVersion = 12.0.40629.0
MinimumVisualStudioVersion = 10.0.40219.1
Project("{8BC9CEB8-8B4A-11D0-8D11-00A0C91BC942}") = "Binary Tree Level Order Traversal", "Binary Tree Level Order Traversal\Binary Tree Level Order Traversal.vcxproj", "{31960601-1477-49D8-A07E-56139270DC77}"
EndProject
Global
	GlobalSection(SolutionConfigurationPlatforms) = preSolution
		Debug|Win32 = Debug|Win32
		Release|Win32 = Release|Win32
	EndGlobalSection
	GlobalSection(ProjectConfigurationPlatforms) = postSolution
		{31960601-1477-49D8-A07E-56139270DC77}.Debug|Win32.ActiveCfg = Debug|Win32
		{31960601-1477-49D8-A07E-56139270DC77}.Debug|Win32.Build.0 = Debug|Win32
		{31960601-1477-49D8-A07E-56139270DC77}.Release|Win32.ActiveCfg = Release|Win32
		{31960601-1477-49D8-A07E-56139270DC77}.Release|Win32.Build.0 = Release|Win32
	EndGlobalSection
	GlobalSection(SolutionProperties) = preSolution
		HideSolutionNode = FALSE
	EndGlobalSection
EndGlobal
